
Microsoft Visual Studio Solution File, Format Version 12.00
# Visual Studio 15
VisualStudioVersion = 15.0.34112.143
MinimumVisualStudioVersion = 10.0.40219.1
Project("{FAE04EC0-301F-11D3-BF4B-00C04F79EFBC}") = "WebApplication2", "WebApplication2\WebApplication2.csproj", "{184EC68E-B298-4B3E-9342-B66AF7D05054}"
EndProject
Global
	GlobalSection(SolutionConfigurationPlatforms) = preSolution
		Debug|Any CPU = Debug|Any CPU
		Release|Any CPU = Release|Any CPU
	EndGlobalSection
	GlobalSection(ProjectConfigurationPlatforms) = postSolution
		{184EC68E-B298-4B3E-9342-B66AF7D05054}.Debug|Any CPU.ActiveCfg = Debug|Any CPU
		{184EC68E-B298-4B3E-9342-B66AF7D05054}.Debug|Any CPU.Build.0 = Debug|Any CPU
		{184EC68E-B298-4B3E-9342-B66AF7D05054}.Release|Any CPU.ActiveCfg = Release|Any CPU
		{184EC68E-B298-4B3E-9342-B66AF7D05054}.Release|Any CPU.Build.0 = Release|Any CPU
	EndGlobalSection
	GlobalSection(SolutionProperties) = preSolution
		HideSolutionNode = FALSE
	EndGlobalSection
	GlobalSection(ExtensibilityGlobals) = postSolution
		SolutionGuid = {1030EDFA-D791-44B5-98C5-CEEE10B419AD}
	EndGlobalSection
EndGlobal
